dependencies:
- name: redis
  repository: file://../redis
  version: 21.2.10
- name: nats
  repository: file://../nats
  version: 1.3.9
- name: mongodb
  repository: file://../mongodb
  version: 16.5.29
digest: sha256:b92d080cd4b18be5038b40e632f64ce164ca6434f6b0710319aa764202cd3b69
generated: "2025-07-17T03:47:17.297865-06:00"
